
Microsoft Visual Studio Solution File, Format Version 12.00
# Visual Studio Version 17
VisualStudioVersion = 17.5.33414.496
MinimumVisualStudioVersion = 10.0.40219.1
Project("{FAE04EC0-301F-11D3-BF4B-00C04F79EFBC}") = "BookManagerMongo", "BookManagerMongo\BookManagerMongo.csproj", "{87DAA774-A9BF-44A2-9E35-CAE43ABD1455}"
EndProject
Project("{FAE04EC0-301F-11D3-BF4B-00C04F79EFBC}") = "Models", "Models\Models.csproj", "{3AE4F449-02C5-4BB8-B915-C02D160CFBB0}"
EndProject
Project("{FAE04EC0-301F-11D3-BF4B-00C04F79EFBC}") = "Controllers", "Controllers\Controllers.csproj", "{F2D77684-0634-4CA6-A5EC-27FACE434C14}"
EndProject
Global
	GlobalSection(SolutionConfigurationPlatforms) = preSolution
		Debug|Any CPU = Debug|Any CPU
		Release|Any CPU = Release|Any CPU
	EndGlobalSection
	GlobalSection(ProjectConfigurationPlatforms) = postSolution
		{87DAA774-A9BF-44A2-9E35-CAE43ABD1455}.Debug|Any CPU.ActiveCfg = Debug|Any CPU
		{87DAA774-A9BF-44A2-9E35-CAE43ABD1455}.Debug|Any CPU.Build.0 = Debug|Any CPU
		{87DAA774-A9BF-44A2-9E35-CAE43ABD1455}.Release|Any CPU.ActiveCfg = Release|Any CPU
		{87DAA774-A9BF-44A2-9E35-CAE43ABD1455}.Release|Any CPU.Build.0 = Release|Any CPU
		{3AE4F449-02C5-4BB8-B915-C02D160CFBB0}.Debug|Any CPU.ActiveCfg = Debug|Any CPU
		{3AE4F449-02C5-4BB8-B915-C02D160CFBB0}.Debug|Any CPU.Build.0 = Debug|Any CPU
		{3AE4F449-02C5-4BB8-B915-C02D160CFBB0}.Release|Any CPU.ActiveCfg = Release|Any CPU
		{3AE4F449-02C5-4BB8-B915-C02D160CFBB0}.Release|Any CPU.Build.0 = Release|Any CPU
		{F2D77684-0634-4CA6-A5EC-27FACE434C14}.Debug|Any CPU.ActiveCfg = Debug|Any CPU
		{F2D77684-0634-4CA6-A5EC-27FACE434C14}.Debug|Any CPU.Build.0 = Debug|Any CPU
		{F2D77684-0634-4CA6-A5EC-27FACE434C14}.Release|Any CPU.ActiveCfg = Release|Any CPU
		{F2D77684-0634-4CA6-A5EC-27FACE434C14}.Release|Any CPU.Build.0 = Release|Any CPU
	EndGlobalSection
	GlobalSection(SolutionProperties) = preSolution
		HideSolutionNode = FALSE
	EndGlobalSection
	GlobalSection(ExtensibilityGlobals) = postSolution
		SolutionGuid = {B28F4510-1EC9-4FBF-A015-8A722D826228}
	EndGlobalSection
EndGlobal
